github.com/pedroalbanese/anubis v0.0.0-gama h1:06CnGLlF4N7JU8POmN9DntPs6t2e64lo5PmbOdLtrq8=
github.com/pedroalbanese/anubis v0.0.0-gama/go.mod h1:MMJog7ga594ydzm17Qzj8wIynFJmrp/gFzZIjdX/2fQ=
github.com/pedroalbanese/cmac v0.0.0-20210429130952-a58975ec8f4c h1:mX7NRMOVOwh5IVth4a/wsF5ZSO8uAZ6/NNepa07u9jg=
github.com/pedroalbanese/cmac v0.0.0-20210429130952-a58975ec8f4c/go.mod h1:5AAl1CY49A0PRTLlbGIOkmWLRyDY3c9WfBjdOWDGWww=
github.com/pedroalbanese/go-external-ip v0.0.0-20200601212049-c872357d968e h1:VUR1tH5e1MXJgiJNq+8kh8ztihi5/wrkuIEG4bmYpBU=
github.com/pedroalbanese/go-external-ip v0.0.0-20200601212049-c872357d968e/go.mod h1:SvmxrS/2giIWAuUE60MY8tf9mgI0gBLc1Q1W4juTans=
github.com/pedroalbanese/gogost v0.0.0-20220417104440-4d34dbc5957c h1:ZTaxii+Lx3DYndAJyT+j/33lFbcGi5KegVJ8fksd8QA=
github.com/pedroalbanese/gogost v0.0.0-20220417104440-4d34dbc5957c/go.mod h1:OE57eDVJnUjrOz821fgDD0maXt4RmTXjoXTaTv7f3wM=
github.com/pedroalbanese/kuznechik v0.0.0 h1:JiVREgKdbKnvof57hL1sCkatIy97JBymQwUUDrorSEo=
github.com/pedroalbanese/kuznechik v0.0.0/go.mod h1:mRbUXtz1RYBvxIjCRPSM4fw6/KPfBRVh3jiX3BMhHO8=
github.com/pedroalbanese/randomart v0.0.0-20130402080559-540116cac932 h1:lhyWm5kEilIJI800qc210GWsjJmln9o3vEr71nur//U=
github.com/pedroalbanese/randomart v0.0.0-20130402080559-540116cac932/go.mod h1:VkPk1ppMWhMMgMxu4kLy8vGEvxY3Q+hp/SN9za0GKxc=
golang.org/x/crypto v0.0.0-20210503195802-e9a32991a82e/go.mod h1:P+XmwS30IXTQdn5tA2iutPOUgjI07+tq3H3K9MVA1s8=
golang.org/x/crypto v0.0.0-20220924013350-4ba4fb4dd9e7 h1:WJywXQVIb56P2kAvXeMGTIgQ1ZHQxR60+F9dLsodECc=
golang.org/x/crypto v0.0.0-20220924013350-4ba4fb4dd9e7/go.mod h1:IxCIyHEi3zRg3s0A5j5BB6A9Jmi73HwBIUl50j+osU4=
golang.org/x/net v0.0.0-20210226172049-e18ecbb05110/go.mod h1:m0MpNAwzfU5UDzcl9v0D8zg8gWTRqZa9RBIspLL5mdg=
golang.org/x/net v0.0.0-20211112202133-69e39bad7dc2 h1:CIJ76btIcR3eFI5EgSo6k1qKw9KJexJuRLI9G7Hp5wE=
golang.org/x/net v0.0.0-20211112202133-69e39bad7dc2/go.mod h1:9nx3DQGgdP8bBQD5qxJ1jj9UTztislL4KSBs9R2vV5Y=
golang.org/x/sys v0.0.0-20201119102817-f84b799fce68/go.mod h1:h1NjWce9XRLGQEsW7wpKNCjG9DtNlClVuFLEZdDNbEs=
golang.org/x/sys v0.0.0-20210423082822-04245dca01da/go.mod h1:h1NjWce9XRLGQEsW7wpKNCjG9DtNlClVuFLEZdDNbEs=
golang.org/x/sys v0.0.0-20210615035016-665e8c7367d1/go.mod h1:oPkhp1MJrh7nUepCBck5+mAzfO9JrbApNNgaTdGDITg=
golang.org/x/term v0.0.0-20201126162022-7de9c90e9dd1/go.mod h1:bj7SfCRtBDWHUb9snDiAeCFNEtKQo2Wmx5Cou7ajbmo=
golang.org/x/text v0.3.3/go.mod h1:5Zoc/QRtKVWzQhOtBMvqHzDpF6irO9z98xDceosuGiQ=
golang.org/x/text v0.3.6 h1:aRYxNxv6iGQlyVaZmk6ZgYEDa+Jg18DxebPSrd6bg1M=
golang.org/x/text v0.3.6/go.mod h1:5Zoc/QRtKVWzQhOtBMvqHzDpF6irO9z98xDceosuGiQ=
golang.org/x/tools v0.0.0-20180917221912-90fa682c2a6e/go.mod h1:n7NCudcB/nEzxVGmLbDWY5pfWTLqBcC2KZ6jyYvM4mQ=
